Microsoft Visual Studio Solution File, Format Version 12.00
# Visual Studio Version 17
VisualStudioVersion = 17.5.2.0
MinimumVisualStudioVersion = 10.0.40219.1
Project("{FAE04EC0-301F-11D3-BF4B-00C04F79EFBC}") = "LC32_Longest_Valid_Parentheses", "LC32_Longest_Valid_Parentheses.csproj", "{EAC73112-D59C-A945-BE0B-09FA7757B5CC}"
EndProject
Global
	GlobalSection(SolutionConfigurationPlatforms) = preSolution
		Debug|Any CPU = Debug|Any CPU
		Release|Any CPU = Release|Any CPU
	EndGlobalSection
	GlobalSection(ProjectConfigurationPlatforms) = postSolution
		{EAC73112-D59C-A945-BE0B-09FA7757B5CC}.Debug|Any CPU.ActiveCfg = Debug|Any CPU
		{EAC73112-D59C-A945-BE0B-09FA7757B5CC}.Debug|Any CPU.Build.0 = Debug|Any CPU
		{EAC73112-D59C-A945-BE0B-09FA7757B5CC}.Release|Any CPU.ActiveCfg = Release|Any CPU
		{EAC73112-D59C-A945-BE0B-09FA7757B5CC}.Release|Any CPU.Build.0 = Release|Any CPU
	EndGlobalSection
	GlobalSection(SolutionProperties) = preSolution
		HideSolutionNode = FALSE
	EndGlobalSection
	GlobalSection(ExtensibilityGlobals) = postSolution
		SolutionGuid = {0B9EFFC7-C91B-436F-9FA5-D78FB60207B3}
	EndGlobalSection
EndGlobal
