Microsoft Visual Studio Solution File, Format Version 12.00
# Visual Studio Version 17
VisualStudioVersion = 17.5.2.0
MinimumVisualStudioVersion = 10.0.40219.1
Project("{FAE04EC0-301F-11D3-BF4B-00C04F79EFBC}") = "LC42_Trapping_Rain_Water", "LC42_Trapping_Rain_Water.csproj", "{A672B378-83EE-1361-85FA-C3BC27E3AFF0}"
EndProject
Global
	GlobalSection(SolutionConfigurationPlatforms) = preSolution
		Debug|Any CPU = Debug|Any CPU
		Release|Any CPU = Release|Any CPU
	EndGlobalSection
	GlobalSection(ProjectConfigurationPlatforms) = postSolution
		{A672B378-83EE-1361-85FA-C3BC27E3AFF0}.Debug|Any CPU.ActiveCfg = Debug|Any CPU
		{A672B378-83EE-1361-85FA-C3BC27E3AFF0}.Debug|Any CPU.Build.0 = Debug|Any CPU
		{A672B378-83EE-1361-85FA-C3BC27E3AFF0}.Release|Any CPU.ActiveCfg = Release|Any CPU
		{A672B378-83EE-1361-85FA-C3BC27E3AFF0}.Release|Any CPU.Build.0 = Release|Any CPU
	EndGlobalSection
	GlobalSection(SolutionProperties) = preSolution
		HideSolutionNode = FALSE
	EndGlobalSection
	GlobalSection(ExtensibilityGlobals) = postSolution
		SolutionGuid = {62C65B0F-5277-49E1-9C9E-7F811F1FF52E}
	EndGlobalSection
EndGlobal
